beautifulsoup4==4.15.0
bs4==0.0.2
certifi==2026.7.22
charset-normalizer==3.4.9
idna==3.18
iniconfig==2.3.0
joblib==1.5.3
lightgbm==4.7.0
lxml==6.1.1
narwhals==2.24.0
numpy==2.5.1
packaging==26.2
pandas==2.3.3
pluggy==1.6.0
pyarrow==25.0.0
Pygments==2.20.0
pytest==9.1.1
python-dateutil==2.9.0.post0
pytz==2026.3.post1
PyYAML==6.0.3
requests==2.34.2
scikit-learn==1.9.0
scipy==1.18.0
simplejson==4.1.1
six==1.17.0
soupsieve==2.9.1
threadpoolctl==3.6.0
tqdm==4.69.1
tushare==1.4.29
typing_extensions==4.16.0
tzdata==2026.3
urllib3==2.7.0
websocket-client==1.9.0
